
Microsoft Visual Studio Solution File, Format Version 12.00
# Visual Studio 15
VisualStudioVersion = 15.0.28307.106
MinimumVisualStudioVersion = 10.0.40219.1
Project("{FAE04EC0-301F-11D3-BF4B-00C04F79EFBC}") = "Student.Workers", "Student.Workers\Student.Workers.csproj", "{B7D62C4A-6C8D-427B-869F-FE93768DBDC4}"
EndProject
Global
	GlobalSection(SolutionConfigurationPlatforms) = preSolution
		Debug|Any CPU = Debug|Any CPU
		Release|Any CPU = Release|Any CPU
	EndGlobalSection
	GlobalSection(ProjectConfigurationPlatforms) = postSolution
		{B7D62C4A-6C8D-427B-869F-FE93768DBDC4}.Debug|Any CPU.ActiveCfg = Debug|Any CPU
		{B7D62C4A-6C8D-427B-869F-FE93768DBDC4}.Debug|Any CPU.Build.0 = Debug|Any CPU
		{B7D62C4A-6C8D-427B-869F-FE93768DBDC4}.Release|Any CPU.ActiveCfg = Release|Any CPU
		{B7D62C4A-6C8D-427B-869F-FE93768DBDC4}.Release|Any CPU.Build.0 = Release|Any CPU
	EndGlobalSection
	GlobalSection(SolutionProperties) = preSolution
		HideSolutionNode = FALSE
	EndGlobalSection
	GlobalSection(ExtensibilityGlobals) = postSolution
		SolutionGuid = {3472EA1A-881C-496C-A39A-34F1FCDF631D}
	EndGlobalSection
EndGlobal
