
Microsoft Visual Studio Solution File, Format Version 12.00
# Visual Studio 15
VisualStudioVersion = 15.0.28307.106
MinimumVisualStudioVersion = 10.0.40219.1
Project("{FAE04EC0-301F-11D3-BF4B-00C04F79EFBC}") = "Shapes", "Shapes\Shapes.csproj", "{AF640AD9-CF2D-4437-9C86-344D2E3482DF}"
EndProject
Global
	GlobalSection(SolutionConfigurationPlatforms) = preSolution
		Debug|Any CPU = Debug|Any CPU
		Release|Any CPU = Release|Any CPU
	EndGlobalSection
	GlobalSection(ProjectConfigurationPlatforms) = postSolution
		{AF640AD9-CF2D-4437-9C86-344D2E3482DF}.Debug|Any CPU.ActiveCfg = Debug|Any CPU
		{AF640AD9-CF2D-4437-9C86-344D2E3482DF}.Debug|Any CPU.Build.0 = Debug|Any CPU
		{AF640AD9-CF2D-4437-9C86-344D2E3482DF}.Release|Any CPU.ActiveCfg = Release|Any CPU
		{AF640AD9-CF2D-4437-9C86-344D2E3482DF}.Release|Any CPU.Build.0 = Release|Any CPU
	EndGlobalSection
	GlobalSection(SolutionProperties) = preSolution
		HideSolutionNode = FALSE
	EndGlobalSection
	GlobalSection(ExtensibilityGlobals) = postSolution
		SolutionGuid = {ECCD06B0-4112-434F-9803-8396F0C03E9D}
	EndGlobalSection
EndGlobal
